// !$*UTF8*$!
{
	archiveVersion = 1;
	classes = {
	};
	objectVersion = 46;
	objects = {

/* Begin PBXBuildFile section */
		5039E8A119BE868500B1BBF2 /* Foundation.framework in Frameworks */ = {isa = PBXBuildFile; fileRef = 5039E8A019BE868500B1BBF2 /* Foundation.framework */; };
		5039E8A319BE868500B1BBF2 /* CoreGraphics.framework in Frameworks */ = {isa = PBXBuildFile; fileRef = 5039E8A219BE868500B1BBF2 /* CoreGraphics.framework */; };
		5039E8A519BE868500B1BBF2 /* UIKit.framework in Frameworks */ = {isa = PBXBuildFile; fileRef = 5039E8A419BE868500B1BBF2 /* UIKit.framework */; };
		5039E8AB19BE868500B1BBF2 /* InfoPlist.strings in Resources */ = {isa = PBXBuildFile; fileRef = 5039E8A919BE868500B1BBF2 /* InfoPlist.strings */; };
		5039E8AD19BE868500B1BBF2 /* main.m in Sources */ = {isa = PBXBuildFile; fileRef = 5039E8AC19BE868500B1BBF2 /* main.m */; };
		5039E8B119BE868500B1BBF2 /* AppDelegate.m in Sources */ = {isa = PBXBuildFile; fileRef = 5039E8B019BE868500B1BBF2 /* AppDelegate.m */; };
		5039E8B319BE868500B1BBF2 /* Images.xcassets in Resources */ = {isa = PBXBuildFile; fileRef = 5039E8B219BE868500B1BBF2 /* Images.xcassets */; };
		5039E8BA19BE868500B1BBF2 /* XCTest.framework in Frameworks */ = {isa = PBXBuildFile; fileRef = 5039E8B919BE868500B1BBF2 /* XCTest.framework */; };
		5039E8BB19BE868500B1BBF2 /* Foundation.framework in Frameworks */ = {isa = PBXBuildFile; fileRef = 5039E8A019BE868500B1BBF2 /* Foundation.framework */; };
		5039E8BC19BE868500B1BBF2 /* UIKit.framework in Frameworks */ = {isa = PBXBuildFile; fileRef = 5039E8A419BE868500B1BBF2 /* UIKit.framework */; };
		5039E8C419BE868500B1BBF2 /* InfoPlist.strings in Resources */ = {isa = PBXBuildFile; fileRef = 5039E8C219BE868500B1BBF2 /* InfoPlist.strings */; };
		5039E8C619BE868500B1BBF2 /* TaskSequenceTests.m in Sources */ = {isa = PBXBuildFile; fileRef = 5039E8C519BE868500B1BBF2 /* TaskSequenceTests.m */; };
		5039E8D219BEE88000B1BBF2 /* TSSequence.m in Sources */ = {isa = PBXBuildFile; fileRef = 5039E8D119BEE88000B1BBF2 /* TSSequence.m */; };
		5039E8D519BEEA3600B1BBF2 /* TSContext.m in Sources */ = {isa = PBXBuildFile; fileRef = 5039E8D419BEEA3600B1BBF2 /* TSContext.m */; };
/* End PBXBuildFile section */

/* Begin PBXContainerItemProxy section */
		5039E8BD19BE868500B1BBF2 /* PBXContainerItemProxy */ = {
			isa = PBXContainerItemProxy;
			containerPortal = 5039E89519BE868500B1BBF2 /* Project object */;
			proxyType = 1;
			remoteGlobalIDString = 5039E89C19BE868500B1BBF2;
			remoteInfo = TaskSequence;
		};
/* End PBXContainerItemProxy section */

/* Begin PBXFileReference section */
		5039E89D19BE868500B1BBF2 /* TaskSequence.app */ = {isa = PBXFileReference; explicitFileType = wrapper.application; includeInIndex = 0; path = TaskSequence.app; sourceTree = BUILT_PRODUCTS_DIR; };
		5039E8A019BE868500B1BBF2 /* Foundation.framework */ = {isa = PBXFileReference; lastKnownFileType = wrapper.framework; name = Foundation.framework; path = System/Library/Frameworks/Foundation.framework; sourceTree = SDKROOT; };
		5039E8A219BE868500B1BBF2 /* CoreGraphics.framework */ = {isa = PBXFileReference; lastKnownFileType = wrapper.framework; name = CoreGraphics.framework; path = System/Library/Frameworks/CoreGraphics.framework; sourceTree = SDKROOT; };
		5039E8A419BE868500B1BBF2 /* UIKit.framework */ = {isa = PBXFileReference; lastKnownFileType = wrapper.framework; name = UIKit.framework; path = System/Library/Frameworks/UIKit.framework; sourceTree = SDKROOT; };
		5039E8A819BE868500B1BBF2 /* TaskSequence-Info.plist */ = {isa = PBXFileReference; lastKnownFileType = text.plist.xml; path = "TaskSequence-Info.plist"; sourceTree = "<group>"; };
		5039E8AA19BE868500B1BBF2 /* en */ = {isa = PBXFileReference; lastKnownFileType = text.plist.strings; name = en; path = en.lproj/InfoPlist.strings; sourceTree = "<group>"; };
		5039E8AC19BE868500B1BBF2 /* main.m */ = {isa = PBXFileReference; lastKnownFileType = sourcecode.c.objc; path = main.m; sourceTree = "<group>"; };
		5039E8AE19BE868500B1BBF2 /* TaskSequence-Prefix.pch */ = {isa = PBXFileReference; lastKnownFileType = sourcecode.c.h; path = "TaskSequence-Prefix.pch"; sourceTree = "<group>"; };
		5039E8AF19BE868500B1BBF2 /* AppDelegate.h */ = {isa = PBXFileReference; lastKnownFileType = sourcecode.c.h; path = AppDelegate.h; sourceTree = "<group>"; };
		5039E8B019BE868500B1BBF2 /* AppDelegate.m */ = {isa = PBXFileReference; lastKnownFileType = sourcecode.c.objc; path = AppDelegate.m; sourceTree = "<group>"; };
		5039E8B219BE868500B1BBF2 /* Images.xcassets */ = {isa = PBXFileReference; lastKnownFileType = folder.assetcatalog; path = Images.xcassets; sourceTree = "<group>"; };
		5039E8B819BE868500B1BBF2 /* TaskSequenceTests.xctest */ = {isa = PBXFileReference; explicitFileType = wrapper.cfbundle; includeInIndex = 0; path = TaskSequenceTests.xctest; sourceTree = BUILT_PRODUCTS_DIR; };
		5039E8B919BE868500B1BBF2 /* XCTest.framework */ = {isa = PBXFileReference; lastKnownFileType = wrapper.framework; name = XCTest.framework; path = Library/Frameworks/XCTest.framework; sourceTree = DEVELOPER_DIR; };
		5039E8C119BE868500B1BBF2 /* TaskSequenceTests-Info.plist */ = {isa = PBXFileReference; lastKnownFileType = text.plist.xml; path = "TaskSequenceTests-Info.plist"; sourceTree = "<group>"; };
		5039E8C319BE868500B1BBF2 /* en */ = {isa = PBXFileReference; lastKnownFileType = text.plist.strings; name = en; path = en.lproj/InfoPlist.strings; sourceTree = "<group>"; };
		5039E8C519BE868500B1BBF2 /* TaskSequenceTests.m */ = {isa = PBXFileReference; lastKnownFileType = sourcecode.c.objc; path = TaskSequenceTests.m; sourceTree = "<group>"; };
		5039E8D019BEE88000B1BBF2 /* TSSequence.h */ = {isa = PBXFileReference; fileEncoding = 4; lastKnownFileType = sourcecode.c.h; path = TSSequence.h; sourceTree = "<group>"; };
		5039E8D119BEE88000B1BBF2 /* TSSequence.m */ = {isa = PBXFileReference; fileEncoding = 4; lastKnownFileType = sourcecode.c.objc; path = TSSequence.m; sourceTree = "<group>"; };
		5039E8D319BEEA3600B1BBF2 /* TSContext.h */ = {isa = PBXFileReference; fileEncoding = 4; lastKnownFileType = sourcecode.c.h; path = TSContext.h; sourceTree = "<group>"; };
		5039E8D419BEEA3600B1BBF2 /* TSContext.m */ = {isa = PBXFileReference; fileEncoding = 4; lastKnownFileType = sourcecode.c.objc; path = TSContext.m; sourceTree = "<group>"; };
/* End PBXFileReference section */

/* Begin PBXFrameworksBuildPhase section */
		5039E89A19BE868500B1BBF2 /* Frameworks */ = {
			isa = PBXFrameworksBuildPhase;
			buildActionMask = 2147483647;
			files = (
				5039E8A319BE868500B1BBF2 /* CoreGraphics.framework in Frameworks */,
				5039E8A519BE868500B1BBF2 /* UIKit.framework in Frameworks */,
				5039E8A119BE868500B1BBF2 /* Foundation.framework in Frameworks */,
			);
			runOnlyForDeploymentPostprocessing = 0;
		};
		5039E8B519BE868500B1BBF2 /* Frameworks */ = {
			isa = PBXFrameworksBuildPhase;
			buildActionMask = 2147483647;
			files = (
				5039E8BA19BE868500B1BBF2 /* XCTest.framework in Frameworks */,
				5039E8BC19BE868500B1BBF2 /* UIKit.framework in Frameworks */,
				5039E8BB19BE868500B1BBF2 /* Foundation.framework in Frameworks */,
			);
			runOnlyForDeploymentPostprocessing = 0;
		};
/* End PBXFrameworksBuildPhase section */

/* Begin PBXGroup section */
		5039E89419BE868500B1BBF2 = {
			isa = PBXGroup;
			children = (
				5039E8CF19BEE75900B1BBF2 /* Classes */,
				5039E8A619BE868500B1BBF2 /* TaskSequence */,
				5039E8BF19BE868500B1BBF2 /* TaskSequenceTests */,
				5039E89F19BE868500B1BBF2 /* Frameworks */,
				5039E89E19BE868500B1BBF2 /* Products */,
			);
			sourceTree = "<group>";
		};
		5039E89E19BE868500B1BBF2 /* Products */ = {
			isa = PBXGroup;
			children = (
				5039E89D19BE868500B1BBF2 /* TaskSequence.app */,
				5039E8B819BE868500B1BBF2 /* TaskSequenceTests.xctest */,
			);
			name = Products;
			sourceTree = "<group>";
		};
		5039E89F19BE868500B1BBF2 /* Frameworks */ = {
			isa = PBXGroup;
			children = (
				5039E8A019BE868500B1BBF2 /* Foundation.framework */,
				5039E8A219BE868500B1BBF2 /* CoreGraphics.framework */,
				5039E8A419BE868500B1BBF2 /* UIKit.framework */,
				5039E8B919BE868500B1BBF2 /* XCTest.framework */,
			);
			name = Frameworks;
			sourceTree = "<group>";
		};
		5039E8A619BE868500B1BBF2 /* TaskSequence */ = {
			isa = PBXGroup;
			children = (
				5039E8AF19BE868500B1BBF2 /* AppDelegate.h */,
				5039E8B019BE868500B1BBF2 /* AppDelegate.m */,
				5039E8B219BE868500B1BBF2 /* Images.xcassets */,
				5039E8A719BE868500B1BBF2 /* Supporting Files */,
			);
			path = TaskSequence;
			sourceTree = "<group>";
		};
		5039E8A719BE868500B1BBF2 /* Supporting Files */ = {
			isa = PBXGroup;
			children = (
				5039E8A819BE868500B1BBF2 /* TaskSequence-Info.plist */,
				5039E8A919BE868500B1BBF2 /* InfoPlist.strings */,
				5039E8AC19BE868500B1BBF2 /* main.m */,
				5039E8AE19BE868500B1BBF2 /* TaskSequence-Prefix.pch */,
			);
			name = "Supporting Files";
			sourceTree = "<group>";
		};
		5039E8BF19BE868500B1BBF2 /* TaskSequenceTests */ = {
			isa = PBXGroup;
			children = (
				5039E8C519BE868500B1BBF2 /* TaskSequenceTests.m */,
				5039E8C019BE868500B1BBF2 /* Supporting Files */,
			);
			path = TaskSequenceTests;
			sourceTree = "<group>";
		};
		5039E8C019BE868500B1BBF2 /* Supporting Files */ = {
			isa = PBXGroup;
			children = (
				5039E8C119BE868500B1BBF2 /* TaskSequenceTests-Info.plist */,
				5039E8C219BE868500B1BBF2 /* InfoPlist.strings */,
			);
			name = "Supporting Files";
			sourceTree = "<group>";
		};
		5039E8CF19BEE75900B1BBF2 /* Classes */ = {
			isa = PBXGroup;
			children = (
				5039E8D319BEEA3600B1BBF2 /* TSContext.h */,
				5039E8D419BEEA3600B1BBF2 /* TSContext.m */,
				5039E8D019BEE88000B1BBF2 /* TSSequence.h */,
				5039E8D119BEE88000B1BBF2 /* TSSequence.m */,
			);
			path = Classes;
			sourceTree = "<group>";
		};
/* End PBXGroup section */

/* Begin PBXNativeTarget section */
		5039E89C19BE868500B1BBF2 /* TaskSequence */ = {
			isa = PBXNativeTarget;
			buildConfigurationList = 5039E8C919BE868500B1BBF2 /* Build configuration list for PBXNativeTarget "TaskSequence" */;
			buildPhases = (
				5039E89919BE868500B1BBF2 /* Sources */,
				5039E89A19BE868500B1BBF2 /* Frameworks */,
				5039E89B19BE868500B1BBF2 /* Resources */,
			);
			buildRules = (
			);
			dependencies = (
			);
			name = TaskSequence;
			productName = TaskSequence;
			productReference = 5039E89D19BE868500B1BBF2 /* TaskSequence.app */;
			productType = "com.apple.product-type.application";
		};
		5039E8B719BE868500B1BBF2 /* TaskSequenceTests */ = {
			isa = PBXNativeTarget;
			buildConfigurationList = 5039E8CC19BE868500B1BBF2 /* Build configuration list for PBXNativeTarget "TaskSequenceTests" */;
			buildPhases = (
				5039E8B419BE868500B1BBF2 /* Sources */,
				5039E8B519BE868500B1BBF2 /* Frameworks */,
				5039E8B619BE868500B1BBF2 /* Resources */,
			);
			buildRules = (
			);
			dependencies = (
				5039E8BE19BE868500B1BBF2 /* PBXTargetDependency */,
			);
			name = TaskSequenceTests;
			productName = TaskSequenceTests;
			productReference = 5039E8B819BE868500B1BBF2 /* TaskSequenceTests.xctest */;
			productType = "com.apple.product-type.bundle.unit-test";
		};
/* End PBXNativeTarget section */

/* Begin PBXProject section */
		5039E89519BE868500B1BBF2 /* Project object */ = {
			isa = PBXProject;
			attributes = {
				LastUpgradeCheck = 0510;
				ORGANIZATIONNAME = Hironytic;
				TargetAttributes = {
					5039E8B719BE868500B1BBF2 = {
						TestTargetID = 5039E89C19BE868500B1BBF2;
					};
				};
			};
			buildConfigurationList = 5039E89819BE868500B1BBF2 /* Build configuration list for PBXProject "TaskSequence" */;
			compatibilityVersion = "Xcode 3.2";
			developmentRegion = English;
			hasScannedForEncodings = 0;
			knownRegions = (
				en,
			);
			mainGroup = 5039E89419BE868500B1BBF2;
			productRefGroup = 5039E89E19BE868500B1BBF2 /* Products */;
			projectDirPath = "";
			projectRoot = "";
			targets = (
				5039E89C19BE868500B1BBF2 /* TaskSequence */,
				5039E8B719BE868500B1BBF2 /* TaskSequenceTests */,
			);
		};
/* End PBXProject section */

/* Begin PBXResourcesBuildPhase section */
		5039E89B19BE868500B1BBF2 /* Resources */ = {
			isa = PBXResourcesBuildPhase;
			buildActionMask = 2147483647;
			files = (
				5039E8AB19BE868500B1BBF2 /* InfoPlist.strings in Resources */,
				5039E8B319BE868500B1BBF2 /* Images.xcassets in Resources */,
			);
			runOnlyForDeploymentPostprocessing = 0;
		};
		5039E8B619BE868500B1BBF2 /* Resources */ = {
			isa = PBXResourcesBuildPhase;
			buildActionMask = 2147483647;
			files = (
				5039E8C419BE868500B1BBF2 /* InfoPlist.strings in Resources */,
			);
			runOnlyForDeploymentPostprocessing = 0;
		};
/* End PBXResourcesBuildPhase section */

/* Begin PBXSourcesBuildPhase section */
		5039E89919BE868500B1BBF2 /* Sources */ = {
			isa = PBXSourcesBuildPhase;
			buildActionMask = 2147483647;
			files = (
				5039E8B119BE868500B1BBF2 /* AppDelegate.m in Sources */,
				5039E8D219BEE88000B1BBF2 /* TSSequence.m in Sources */,
				5039E8D519BEEA3600B1BBF2 /* TSContext.m in Sources */,
				5039E8AD19BE868500B1BBF2 /* main.m in Sources */,
			);
			runOnlyForDeploymentPostprocessing = 0;
		};
		5039E8B419BE868500B1BBF2 /* Sources */ = {
			isa = PBXSourcesBuildPhase;
			buildActionMask = 2147483647;
			files = (
				5039E8C619BE868500B1BBF2 /* TaskSequenceTests.m in Sources */,
			);
			runOnlyForDeploymentPostprocessing = 0;
		};
/* End PBXSourcesBuildPhase section */

/* Begin PBXTargetDependency section */
		5039E8BE19BE868500B1BBF2 /* PBXTargetDependency */ = {
			isa = PBXTargetDependency;
			target = 5039E89C19BE868500B1BBF2 /* TaskSequence */;
			targetProxy = 5039E8BD19BE868500B1BBF2 /* PBXContainerItemProxy */;
		};
/* End PBXTargetDependency section */

/* Begin PBXVariantGroup section */
		5039E8A919BE868500B1BBF2 /* InfoPlist.strings */ = {
			isa = PBXVariantGroup;
			children = (
				5039E8AA19BE868500B1BBF2 /* en */,
			);
			name = InfoPlist.strings;
			sourceTree = "<group>";
		};
		5039E8C219BE868500B1BBF2 /* InfoPlist.strings */ = {
			isa = PBXVariantGroup;
			children = (
				5039E8C319BE868500B1BBF2 /* en */,
			);
			name = InfoPlist.strings;
			sourceTree = "<group>";
		};
/* End PBXVariantGroup section */

/* Begin XCBuildConfiguration section */
		5039E8C719BE868500B1BBF2 /* Debug */ = {
			isa = XCBuildConfiguration;
			buildSettings = {
				ALWAYS_SEARCH_USER_PATHS = NO;
				CLANG_CXX_LANGUAGE_STANDARD = "gnu++0x";
				CLANG_CXX_LIBRARY = "libc++";
				CLANG_ENABLE_MODULES = YES;
				CLANG_ENABLE_OBJC_ARC = YES;
				CLANG_WARN_BOOL_CONVERSION = YES;
				CLANG_WARN_CONSTANT_CONVERSION = YES;
				CLANG_WARN_DIRECT_OBJC_ISA_USAGE = YES_ERROR;
				CLANG_WARN_EMPTY_BODY = YES;
				CLANG_WARN_ENUM_CONVERSION = YES;
				CLANG_WARN_INT_CONVERSION = YES;
				CLANG_WARN_OBJC_ROOT_CLASS = YES_ERROR;
				CLANG_WARN__DUPLICATE_METHOD_MATCH = YES;
				"CODE_SIGN_IDENTITY[sdk=iphoneos*]" = "iPhone Developer";
				COPY_PHASE_STRIP = NO;
				GCC_C_LANGUAGE_STANDARD = gnu99;
				GCC_DYNAMIC_NO_PIC = NO;
				GCC_OPTIMIZATION_LEVEL = 0;
				GCC_PREPROCESSOR_DEFINITIONS = (
					"DEBUG=1",
					"$(inherited)",
				);
				GCC_SYMBOLS_PRIVATE_EXTERN = NO;
				GCC_WARN_64_TO_32_BIT_CONVERSION = YES;
				GCC_WARN_ABOUT_RETURN_TYPE = YES_ERROR;
				GCC_WARN_UNDECLARED_SELECTOR = YES;
				GCC_WARN_UNINITIALIZED_AUTOS = YES_AGGRESSIVE;
				GCC_WARN_UNUSED_FUNCTION = YES;
				GCC_WARN_UNUSED_VARIABLE = YES;
				IPHONEOS_DEPLOYMENT_TARGET = 7.1;
				ONLY_ACTIVE_ARCH = YES;
				SDKROOT = iphoneos;
			};
			name = Debug;
		};
		5039E8C819BE868500B1BBF2 /* Release */ = {
			isa = XCBuildConfiguration;
			buildSettings = {
				ALWAYS_SEARCH_USER_PATHS = NO;
				CLANG_CXX_LANGUAGE_STANDARD = "gnu++0x";
				CLANG_CXX_LIBRARY = "libc++";
				CLANG_ENABLE_MODULES = YES;
				CLANG_ENABLE_OBJC_ARC = YES;
				CLANG_WARN_BOOL_CONVERSION = YES;
				CLANG_WARN_CONSTANT_CONVERSION = YES;
				CLANG_WARN_DIRECT_OBJC_ISA_USAGE = YES_ERROR;
				CLANG_WARN_EMPTY_BODY = YES;
				CLANG_WARN_ENUM_CONVERSION = YES;
				CLANG_WARN_INT_CONVERSION = YES;
				CLANG_WARN_OBJC_ROOT_CLASS = YES_ERROR;
				CLANG_WARN__DUPLICATE_METHOD_MATCH = YES;
				"CODE_SIGN_IDENTITY[sdk=iphoneos*]" = "iPhone Developer";
				COPY_PHASE_STRIP = YES;
				ENABLE_NS_ASSERTIONS = NO;
				GCC_C_LANGUAGE_STANDARD = gnu99;
				GCC_WARN_64_TO_32_BIT_CONVERSION = YES;
				GCC_WARN_ABOUT_RETURN_TYPE = YES_ERROR;
				GCC_WARN_UNDECLARED_SELECTOR = YES;
				GCC_WARN_UNINITIALIZED_AUTOS = YES_AGGRESSIVE;
				GCC_WARN_UNUSED_FUNCTION = YES;
				GCC_WARN_UNUSED_VARIABLE = YES;
				IPHONEOS_DEPLOYMENT_TARGET = 7.1;
				SDKROOT = iphoneos;
				VALIDATE_PRODUCT = YES;
			};
			name = Release;
		};
		5039E8CA19BE868500B1BBF2 /* Debug */ = {
			isa = XCBuildConfiguration;
			buildSettings = {
				ASSETCATALOG_COMPILER_APPICON_NAME = AppIcon;
				ASSETCATALOG_COMPILER_LAUNCHIMAGE_NAME = LaunchImage;
				GCC_PRECOMPILE_PREFIX_HEADER = YES;
				GCC_PREFIX_HEADER = "TaskSequence/TaskSequence-Prefix.pch";
				INFOPLIST_FILE = "TaskSequence/TaskSequence-Info.plist";
				PRODUCT_NAME = "$(TARGET_NAME)";
				WRAPPER_EXTENSION = app;
			};
			name = Debug;
		};
		5039E8CB19BE868500B1BBF2 /* Release */ = {
			isa = XCBuildConfiguration;
			buildSettings = {
				ASSETCATALOG_COMPILER_APPICON_NAME = AppIcon;
				ASSETCATALOG_COMPILER_LAUNCHIMAGE_NAME = LaunchImage;
				GCC_PRECOMPILE_PREFIX_HEADER = YES;
				GCC_PREFIX_HEADER = "TaskSequence/TaskSequence-Prefix.pch";
				INFOPLIST_FILE = "TaskSequence/TaskSequence-Info.plist";
				PRODUCT_NAME = "$(TARGET_NAME)";
				WRAPPER_EXTENSION = app;
			};
			name = Release;
		};
		5039E8CD19BE868500B1BBF2 /* Debug */ = {
			isa = XCBuildConfiguration;
			buildSettings = {
				BUNDLE_LOADER = "$(BUILT_PRODUCTS_DIR)/TaskSequence.app/TaskSequence";
				FRAMEWORK_SEARCH_PATHS = (
					"$(SDKROOT)/Developer/Library/Frameworks",
					"$(inherited)",
					"$(DEVELOPER_FRAMEWORKS_DIR)",
				);
				GCC_PRECOMPILE_PREFIX_HEADER = YES;
				GCC_PREFIX_HEADER = "TaskSequence/TaskSequence-Prefix.pch";
				GCC_PREPROCESSOR_DEFINITIONS = (
					"DEBUG=1",
					"$(inherited)",
				);
				INFOPLIST_FILE = "TaskSequenceTests/TaskSequenceTests-Info.plist";
				PRODUCT_NAME = "$(TARGET_NAME)";
				TEST_HOST = "$(BUNDLE_LOADER)";
				WRAPPER_EXTENSION = xctest;
			};
			name = Debug;
		};
		5039E8CE19BE868500B1BBF2 /* Release */ = {
			isa = XCBuildConfiguration;
			buildSettings = {
				BUNDLE_LOADER = "$(BUILT_PRODUCTS_DIR)/TaskSequence.app/TaskSequence";
				FRAMEWORK_SEARCH_PATHS = (
					"$(SDKROOT)/Developer/Library/Frameworks",
					"$(inherited)",
					"$(DEVELOPER_FRAMEWORKS_DIR)",
				);
				GCC_PRECOMPILE_PREFIX_HEADER = YES;
				GCC_PREFIX_HEADER = "TaskSequence/TaskSequence-Prefix.pch";
				INFOPLIST_FILE = "TaskSequenceTests/TaskSequenceTests-Info.plist";
				PRODUCT_NAME = "$(TARGET_NAME)";
				TEST_HOST = "$(BUNDLE_LOADER)";
				WRAPPER_EXTENSION = xctest;
			};
			name = Release;
		};
/* End XCBuildConfiguration section */

/* Begin XCConfigurationList section */
		5039E89819BE868500B1BBF2 /* Build configuration list for PBXProject "TaskSequence" */ = {
			isa = XCConfigurationList;
			buildConfigurations = (
				5039E8C719BE868500B1BBF2 /* Debug */,
				5039E8C819BE868500B1BBF2 /* Release */,
			);
			defaultConfigurationIsVisible = 0;
			defaultConfigurationName = Release;
		};
		5039E8C919BE868500B1BBF2 /* Build configuration list for PBXNativeTarget "TaskSequence" */ = {
			isa = XCConfigurationList;
			buildConfigurations = (
				5039E8CA19BE868500B1BBF2 /* Debug */,
				5039E8CB19BE868500B1BBF2 /* Release */,
			);
			defaultConfigurationIsVisible = 0;
			defaultConfigurationName = Release;
		};
		5039E8CC19BE868500B1BBF2 /* Build configuration list for PBXNativeTarget "TaskSequenceTests" */ = {
			isa = XCConfigurationList;
			buildConfigurations = (
				5039E8CD19BE868500B1BBF2 /* Debug */,
				5039E8CE19BE868500B1BBF2 /* Release */,
			);
			defaultConfigurationIsVisible = 0;
			defaultConfigurationName = Release;
		};
/* End XCConfigurationList section */
	};
	rootObject = 5039E89519BE868500B1BBF2 /* Project object */;
}
